
Microsoft Visual Studio Solution File, Format Version 12.00
# Visual Studio 2012
Project("{FAE04EC0-301F-11D3-BF4B-00C04F79EFBC}") = "TEST_Springboard", "TEST_Springboard\TEST_Springboard.csproj", "{06AB90C0-E750-47B4-8BD5-237E07AE4E26}"
EndProject
Project("{FAE04EC0-301F-11D3-BF4B-00C04F79EFBC}") = "TEST_Springboard.iOS", "iOS\TEST_Springboard.iOS.csproj", "{3C0669E6-5323-4179-B871-129443671446}"
EndProject
Project("{FAE04EC0-301F-11D3-BF4B-00C04F79EFBC}") = "TEST_Springboard.Droid", "Droid\TEST_Springboard.Droid.csproj", "{E1819C48-5DDD-47EE-AFC2-73C33411712A}"
EndProject
Global
	GlobalSection(SolutionConfigurationPlatforms) = preSolution
		Debug|Any CPU = Debug|Any CPU
		Release|Any CPU = Release|Any CPU
		Debug|iPhoneSimulator = Debug|iPhoneSimulator
		Release|iPhone = Release|iPhone
		Release|iPhoneSimulator = Release|iPhoneSimulator
		Debug|iPhone = Debug|iPhone
	EndGlobalSection
	GlobalSection(ProjectConfigurationPlatforms) = postSolution
		{06AB90C0-E750-47B4-8BD5-237E07AE4E26}.Debug|Any CPU.ActiveCfg = Debug|Any CPU
		{06AB90C0-E750-47B4-8BD5-237E07AE4E26}.Debug|Any CPU.Build.0 = Debug|Any CPU
		{06AB90C0-E750-47B4-8BD5-237E07AE4E26}.Debug|iPhone.ActiveCfg = Debug|Any CPU
		{06AB90C0-E750-47B4-8BD5-237E07AE4E26}.Debug|iPhone.Build.0 = Debug|Any CPU
		{06AB90C0-E750-47B4-8BD5-237E07AE4E26}.Debug|iPhoneSimulator.ActiveCfg = Debug|Any CPU
		{06AB90C0-E750-47B4-8BD5-237E07AE4E26}.Debug|iPhoneSimulator.Build.0 = Debug|Any CPU
		{06AB90C0-E750-47B4-8BD5-237E07AE4E26}.Release|Any CPU.ActiveCfg = Release|Any CPU
		{06AB90C0-E750-47B4-8BD5-237E07AE4E26}.Release|Any CPU.Build.0 = Release|Any CPU
		{06AB90C0-E750-47B4-8BD5-237E07AE4E26}.Release|iPhone.ActiveCfg = Release|Any CPU
		{06AB90C0-E750-47B4-8BD5-237E07AE4E26}.Release|iPhone.Build.0 = Release|Any CPU
		{06AB90C0-E750-47B4-8BD5-237E07AE4E26}.Release|iPhoneSimulator.ActiveCfg = Release|Any CPU
		{06AB90C0-E750-47B4-8BD5-237E07AE4E26}.Release|iPhoneSimulator.Build.0 = Release|Any CPU
		{3C0669E6-5323-4179-B871-129443671446}.Debug|Any CPU.ActiveCfg = Debug|iPhoneSimulator
		{3C0669E6-5323-4179-B871-129443671446}.Debug|Any CPU.Build.0 = Debug|iPhoneSimulator
		{3C0669E6-5323-4179-B871-129443671446}.Debug|iPhone.ActiveCfg = Debug|iPhone
		{3C0669E6-5323-4179-B871-129443671446}.Debug|iPhone.Build.0 = Debug|iPhone
		{3C0669E6-5323-4179-B871-129443671446}.Debug|iPhoneSimulator.ActiveCfg = Debug|iPhoneSimulator
		{3C0669E6-5323-4179-B871-129443671446}.Debug|iPhoneSimulator.Build.0 = Debug|iPhoneSimulator
		{3C0669E6-5323-4179-B871-129443671446}.Release|Any CPU.ActiveCfg = Release|iPhone
		{3C0669E6-5323-4179-B871-129443671446}.Release|Any CPU.Build.0 = Release|iPhone
		{3C0669E6-5323-4179-B871-129443671446}.Release|iPhone.ActiveCfg = Release|iPhone
		{3C0669E6-5323-4179-B871-129443671446}.Release|iPhone.Build.0 = Release|iPhone
		{3C0669E6-5323-4179-B871-129443671446}.Release|iPhoneSimulator.ActiveCfg = Release|iPhoneSimulator
		{3C0669E6-5323-4179-B871-129443671446}.Release|iPhoneSimulator.Build.0 = Release|iPhoneSimulator
		{E1819C48-5DDD-47EE-AFC2-73C33411712A}.Debug|Any CPU.ActiveCfg = Debug|Any CPU
		{E1819C48-5DDD-47EE-AFC2-73C33411712A}.Debug|Any CPU.Build.0 = Debug|Any CPU
		{E1819C48-5DDD-47EE-AFC2-73C33411712A}.Debug|iPhone.ActiveCfg = Debug|Any CPU
		{E1819C48-5DDD-47EE-AFC2-73C33411712A}.Debug|iPhone.Build.0 = Debug|Any CPU
		{E1819C48-5DDD-47EE-AFC2-73C33411712A}.Debug|iPhoneSimulator.ActiveCfg = Debug|Any CPU
		{E1819C48-5DDD-47EE-AFC2-73C33411712A}.Debug|iPhoneSimulator.Build.0 = Debug|Any CPU
		{E1819C48-5DDD-47EE-AFC2-73C33411712A}.Release|Any CPU.ActiveCfg = Release|Any CPU
		{E1819C48-5DDD-47EE-AFC2-73C33411712A}.Release|Any CPU.Build.0 = Release|Any CPU
		{E1819C48-5DDD-47EE-AFC2-73C33411712A}.Release|iPhone.ActiveCfg = Release|Any CPU
		{E1819C48-5DDD-47EE-AFC2-73C33411712A}.Release|iPhone.Build.0 = Release|Any CPU
		{E1819C48-5DDD-47EE-AFC2-73C33411712A}.Release|iPhoneSimulator.ActiveCfg = Release|Any CPU
		{E1819C48-5DDD-47EE-AFC2-73C33411712A}.Release|iPhoneSimulator.Build.0 = Release|Any CPU
	EndGlobalSection
EndGlobal
